
Microsoft Visual Studio Solution File, Format Version 11.00
# Visual Studio 2010
Project("{FAE04EC0-301F-11D3-BF4B-00C04F79EFBC}") = "Assembly-CSharp", "Assembly-CSharp.csproj", "{187B47C9-5369-9FC1-D1BC-5FA52A2927FB}"
EndProject
Project("{FAE04EC0-301F-11D3-BF4B-00C04F79EFBC}") = "Assembly-CSharp-Editor", "Assembly-CSharp-Editor.csproj", "{1BAA3F62-C2BD-3962-1AE7-2C77ACF92CB7}"
EndProject
Global
	GlobalSection(SolutionConfigurationPlatforms) = preSolution
		Debug|Any CPU = Debug|Any CPU
		Release|Any CPU = Release|Any CPU
	EndGlobalSection
	GlobalSection(ProjectConfigurationPlatforms) = postSolution
		{187B47C9-5369-9FC1-D1BC-5FA52A2927FB}.Debug|Any CPU.ActiveCfg = Debug|Any CPU
		{187B47C9-5369-9FC1-D1BC-5FA52A2927FB}.Debug|Any CPU.Build.0 = Debug|Any CPU
		{187B47C9-5369-9FC1-D1BC-5FA52A2927FB}.Release|Any CPU.ActiveCfg = Release|Any CPU
		{187B47C9-5369-9FC1-D1BC-5FA52A2927FB}.Release|Any CPU.Build.0 = Release|Any CPU
		{1BAA3F62-C2BD-3962-1AE7-2C77ACF92CB7}.Debug|Any CPU.ActiveCfg = Debug|Any CPU
		{1BAA3F62-C2BD-3962-1AE7-2C77ACF92CB7}.Debug|Any CPU.Build.0 = Debug|Any CPU
		{1BAA3F62-C2BD-3962-1AE7-2C77ACF92CB7}.Release|Any CPU.ActiveCfg = Release|Any CPU
		{1BAA3F62-C2BD-3962-1AE7-2C77ACF92CB7}.Release|Any CPU.Build.0 = Release|Any CPU
	EndGlobalSection
	GlobalSection(SolutionProperties) = preSolution
		HideSolutionNode = FALSE
	EndGlobalSection
	GlobalSection(MonoDevelopProperties) = preSolution
		StartupItem = Assembly-CSharp.csproj
	EndGlobalSection
EndGlobal
